// !$*UTF8*$!
{
	archiveVersion = 1;
	classes = {
	};
	objectVersion = 50;
	objects = {

/* Begin PBXBuildFile section */
		EC0A7D142684A9C200553858 /* CloudKit.framework in Frameworks */ = {isa = PBXBuildFile; fileRef = EC0A7D132684A9C200553858 /* CloudKit.framework */; };
		EC0A7D162684AD4B00553858 /* Color+Ext.swift in Sources */ = {isa = PBXBuildFile; fileRef = EC0A7D152684AD4B00553858 /* Color+Ext.swift */; };
		ECE875E7267F6EF1000CEA5E /* SwiftUI_DubDubGrubApp.swift in Sources */ = {isa = PBXBuildFile; fileRef = ECE875E6267F6EF1000CEA5E /* SwiftUI_DubDubGrubApp.swift */; };
		ECE875E9267F6EF1000CEA5E /* ContentView.swift in Sources */ = {isa = PBXBuildFile; fileRef = ECE875E8267F6EF1000CEA5E /* ContentView.swift */; };
		ECE875EB267F6EF4000CEA5E /* Assets.xcassets in Resources */ = {isa = PBXBuildFile; fileRef = ECE875EA267F6EF4000CEA5E /* Assets.xcassets */; };
		ECE875EE267F6EF4000CEA5E /* Preview Assets.xcassets in Resources */ = {isa = PBXBuildFile; fileRef = ECE875ED267F6EF4000CEA5E /* Preview Assets.xcassets */; };
/* End PBXBuildFile section */

/* Begin PBXFileReference section */
		EC0A7D112684A9B900553858 /* SwiftUI_DubDubGrub.entitlements */ = {isa = PBXFileReference; lastKnownFileType = text.plist.entitlements; path = SwiftUI_DubDubGrub.entitlements; sourceTree = "<group>"; };
		EC0A7D132684A9C200553858 /* CloudKit.framework */ = {isa = PBXFileReference; lastKnownFileType = wrapper.framework; name = CloudKit.framework; path = System/Library/Frameworks/CloudKit.framework; sourceTree = SDKROOT; };
		EC0A7D152684AD4B00553858 /* Color+Ext.swift */ = {isa = PBXFileReference; lastKnownFileType = sourcecode.swift; path = "Color+Ext.swift"; sourceTree = "<group>"; };
		ECE875E3267F6EF1000CEA5E /* SwiftUI_DubDubGrub.app */ = {isa = PBXFileReference; explicitFileType = wrapper.application; includeInIndex = 0; path = SwiftUI_DubDubGrub.app; sourceTree = BUILT_PRODUCTS_DIR; };
		ECE875E6267F6EF1000CEA5E /* SwiftUI_DubDubGrubApp.swift */ = {isa = PBXFileReference; lastKnownFileType = sourcecode.swift; path = SwiftUI_DubDubGrubApp.swift; sourceTree = "<group>"; };
		ECE875E8267F6EF1000CEA5E /* ContentView.swift */ = {isa = PBXFileReference; lastKnownFileType = sourcecode.swift; path = ContentView.swift; sourceTree = "<group>"; };
		ECE875EA267F6EF4000CEA5E /* Assets.xcassets */ = {isa = PBXFileReference; lastKnownFileType = folder.assetcatalog; path = Assets.xcassets; sourceTree = "<group>"; };
		ECE875ED267F6EF4000CEA5E /* Preview Assets.xcassets */ = {isa = PBXFileReference; lastKnownFileType = folder.assetcatalog; path = "Preview Assets.xcassets"; sourceTree = "<group>"; };
		ECE875EF267F6EF4000CEA5E /* Info.plist */ = {isa = PBXFileReference; lastKnownFileType = text.plist.xml; path = Info.plist; sourceTree = "<group>"; };
/* End PBXFileReference section */

/* Begin PBXFrameworksBuildPhase section */
		ECE875E0267F6EF1000CEA5E /* Frameworks */ = {
			isa = PBXFrameworksBuildPhase;
			buildActionMask = 2147483647;
			files = (
				EC0A7D142684A9C200553858 /* CloudKit.framework in Frameworks */,
			);
			runOnlyForDeploymentPostprocessing = 0;
		};
/* End PBXFrameworksBuildPhase section */

/* Begin PBXGroup section */
		EC0A7D122684A9C200553858 /* Frameworks */ = {
			isa = PBXGroup;
			children = (
				EC0A7D132684A9C200553858 /* CloudKit.framework */,
			);
			name = Frameworks;
			sourceTree = "<group>";
		};
		ECE875DA267F6EF1000CEA5E = {
			isa = PBXGroup;
			children = (
				ECE875E5267F6EF1000CEA5E /* SwiftUI_DubDubGrub */,
				ECE875E4267F6EF1000CEA5E /* Products */,
				EC0A7D122684A9C200553858 /* Frameworks */,
			);
			sourceTree = "<group>";
		};
		ECE875E4267F6EF1000CEA5E /* Products */ = {
			isa = PBXGroup;
			children = (
				ECE875E3267F6EF1000CEA5E /* SwiftUI_DubDubGrub.app */,
			);
			name = Products;
			sourceTree = "<group>";
		};
		ECE875E5267F6EF1000CEA5E /* SwiftUI_DubDubGrub */ = {
			isa = PBXGroup;
			children = (
				EC0A7D112684A9B900553858 /* SwiftUI_DubDubGrub.entitlements */,
				ECE875E6267F6EF1000CEA5E /* SwiftUI_DubDubGrubApp.swift */,
				ECE875E8267F6EF1000CEA5E /* ContentView.swift */,
				ECE875EA267F6EF4000CEA5E /* Assets.xcassets */,
				ECE875EF267F6EF4000CEA5E /* Info.plist */,
				ECE875EC267F6EF4000CEA5E /* Preview Content */,
				EC0A7D152684AD4B00553858 /* Color+Ext.swift */,
			);
			path = SwiftUI_DubDubGrub;
			sourceTree = "<group>";
		};
		ECE875EC267F6EF4000CEA5E /* Preview Content */ = {
			isa = PBXGroup;
			children = (
				ECE875ED267F6EF4000CEA5E /* Preview Assets.xcassets */,
			);
			path = "Preview Content";
			sourceTree = "<group>";
		};
/* End PBXGroup section */

/* Begin PBXNativeTarget section */
		ECE875E2267F6EF1000CEA5E /* SwiftUI_DubDubGrub */ = {
			isa = PBXNativeTarget;
			buildConfigurationList = ECE875F2267F6EF4000CEA5E /* Build configuration list for PBXNativeTarget "SwiftUI_DubDubGrub" */;
			buildPhases = (
				ECE875DF267F6EF1000CEA5E /* Sources */,
				ECE875E0267F6EF1000CEA5E /* Frameworks */,
				ECE875E1267F6EF1000CEA5E /* Resources */,
			);
			buildRules = (
			);
			dependencies = (
			);
			name = SwiftUI_DubDubGrub;
			productName = SwiftUI_DubDubGrub;
			productReference = ECE875E3267F6EF1000CEA5E /* SwiftUI_DubDubGrub.app */;
			productType = "com.apple.product-type.application";
		};
/* End PBXNativeTarget section */

/* Begin PBXProject section */
		ECE875DB267F6EF1000CEA5E /* Project object */ = {
			isa = PBXProject;
			attributes = {
				LastSwiftUpdateCheck = 1220;
				LastUpgradeCheck = 1220;
				TargetAttributes = {
					ECE875E2267F6EF1000CEA5E = {
						CreatedOnToolsVersion = 12.2;
					};
				};
			};
			buildConfigurationList = ECE875DE267F6EF1000CEA5E /* Build configuration list for PBXProject "SwiftUI_DubDubGrub" */;
			compatibilityVersion = "Xcode 9.3";
			developmentRegion = en;
			hasScannedForEncodings = 0;
			knownRegions = (
				en,
				Base,
			);
			mainGroup = ECE875DA267F6EF1000CEA5E;
			productRefGroup = ECE875E4267F6EF1000CEA5E /* Products */;
			projectDirPath = "";
			projectRoot = "";
			targets = (
				ECE875E2267F6EF1000CEA5E /* SwiftUI_DubDubGrub */,
			);
		};
/* End PBXProject section */

/* Begin PBXResourcesBuildPhase section */
		ECE875E1267F6EF1000CEA5E /* Resources */ = {
			isa = PBXResourcesBuildPhase;
			buildActionMask = 2147483647;
			files = (
				ECE875EE267F6EF4000CEA5E /* Preview Assets.xcassets in Resources */,
				ECE875EB267F6EF4000CEA5E /* Assets.xcassets in Resources */,
			);
			runOnlyForDeploymentPostprocessing = 0;
		};
/* End PBXResourcesBuildPhase section */

/* Begin PBXSourcesBuildPhase section */
		ECE875DF267F6EF1000CEA5E /* Sources */ = {
			isa = PBXSourcesBuildPhase;
			buildActionMask = 2147483647;
			files = (
				ECE875E9267F6EF1000CEA5E /* ContentView.swift in Sources */,
				ECE875E7267F6EF1000CEA5E /* SwiftUI_DubDubGrubApp.swift in Sources */,
				EC0A7D162684AD4B00553858 /* Color+Ext.swift in Sources */,
			);
			runOnlyForDeploymentPostprocessing = 0;
		};
/* End PBXSourcesBuildPhase section */

/* Begin XCBuildConfiguration section */
		ECE875F0267F6EF4000CEA5E /* Debug */ = {
			isa = XCBuildConfiguration;
			buildSettings = {
				ALWAYS_SEARCH_USER_PATHS = NO;
				CLANG_ANALYZER_NONNULL = YES;
				CLANG_ANALYZER_NUMBER_OBJECT_CONVERSION = YES_AGGRESSIVE;
				CLANG_CXX_LANGUAGE_STANDARD = "gnu++14";
				CLANG_CXX_LIBRARY = "libc++";
				CLANG_ENABLE_MODULES = YES;
				CLANG_ENABLE_OBJC_ARC = YES;
				CLANG_ENABLE_OBJC_WEAK = YES;
				CLANG_WARN_BLOCK_CAPTURE_AUTORELEASING = YES;
				CLANG_WARN_BOOL_CONVERSION = YES;
				CLANG_WARN_COMMA = YES;
				CLANG_WARN_CONSTANT_CONVERSION = YES;
				CLANG_WARN_DEPRECATED_OBJC_IMPLEMENTATIONS = YES;
				CLANG_WARN_DIRECT_OBJC_ISA_USAGE = YES_ERROR;
				CLANG_WARN_DOCUMENTATION_COMMENTS = YES;
				CLANG_WARN_EMPTY_BODY = YES;
				CLANG_WARN_ENUM_CONVERSION = YES;
				CLANG_WARN_INFINITE_RECURSION = YES;
				CLANG_WARN_INT_CONVERSION = YES;
				CLANG_WARN_NON_LITERAL_NULL_CONVERSION = YES;
				CLANG_WARN_OBJC_IMPLICIT_RETAIN_SELF = YES;
				CLANG_WARN_OBJC_LITERAL_CONVERSION = YES;
				CLANG_WARN_OBJC_ROOT_CLASS = YES_ERROR;
				CLANG_WARN_QUOTED_INCLUDE_IN_FRAMEWORK_HEADER = YES;
				CLANG_WARN_RANGE_LOOP_ANALYSIS = YES;
				CLANG_WARN_STRICT_PROTOTYPES = YES;
				CLANG_WARN_SUSPICIOUS_MOVE = YES;
				CLANG_WARN_UNGUARDED_AVAILABILITY = YES_AGGRESSIVE;
				CLANG_WARN_UNREACHABLE_CODE = YES;
				CLANG_WARN__DUPLICATE_METHOD_MATCH = YES;
				COPY_PHASE_STRIP = NO;
				DEBUG_INFORMATION_FORMAT = dwarf;
				ENABLE_STRICT_OBJC_MSGSEND = YES;
				ENABLE_TESTABILITY = YES;
				GCC_C_LANGUAGE_STANDARD = gnu11;
				GCC_DYNAMIC_NO_PIC = NO;
				GCC_NO_COMMON_BLOCKS = YES;
				GCC_OPTIMIZATION_LEVEL = 0;
				GCC_PREPROCESSOR_DEFINITIONS = (
					"DEBUG=1",
					"$(inherited)",
				);
				GCC_WARN_64_TO_32_BIT_CONVERSION = YES;
				GCC_WARN_ABOUT_RETURN_TYPE = YES_ERROR;
				GCC_WARN_UNDECLARED_SELECTOR = YES;
				GCC_WARN_UNINITIALIZED_AUTOS = YES_AGGRESSIVE;
				GCC_WARN_UNUSED_FUNCTION = YES;
				GCC_WARN_UNUSED_VARIABLE = YES;
				IPHONEOS_DEPLOYMENT_TARGET = 14.2;
				MTL_ENABLE_DEBUG_INFO = INCLUDE_SOURCE;
				MTL_FAST_MATH = YES;
				ONLY_ACTIVE_ARCH = YES;
				SDKROOT = iphoneos;
				SWIFT_ACTIVE_COMPILATION_CONDITIONS = DEBUG;
				SWIFT_OPTIMIZATION_LEVEL = "-Onone";
			};
			name = Debug;
		};
		ECE875F1267F6EF4000CEA5E /* Release */ = {
			isa = XCBuildConfiguration;
			buildSettings = {
				ALWAYS_SEARCH_USER_PATHS = NO;
				CLANG_ANALYZER_NONNULL = YES;
				CLANG_ANALYZER_NUMBER_OBJECT_CONVERSION = YES_AGGRESSIVE;
				CLANG_CXX_LANGUAGE_STANDARD = "gnu++14";
				CLANG_CXX_LIBRARY = "libc++";
				CLANG_ENABLE_MODULES = YES;
				CLANG_ENABLE_OBJC_ARC = YES;
				CLANG_ENABLE_OBJC_WEAK = YES;
				CLANG_WARN_BLOCK_CAPTURE_AUTORELEASING = YES;
				CLANG_WARN_BOOL_CONVERSION = YES;
				CLANG_WARN_COMMA = YES;
				CLANG_WARN_CONSTANT_CONVERSION = YES;
				CLANG_WARN_DEPRECATED_OBJC_IMPLEMENTATIONS = YES;
				CLANG_WARN_DIRECT_OBJC_ISA_USAGE = YES_ERROR;
				CLANG_WARN_DOCUMENTATION_COMMENTS = YES;
				CLANG_WARN_EMPTY_BODY = YES;
				CLANG_WARN_ENUM_CONVERSION = YES;
				CLANG_WARN_INFINITE_RECURSION = YES;
				CLANG_WARN_INT_CONVERSION = YES;
				CLANG_WARN_NON_LITERAL_NULL_CONVERSION = YES;
				CLANG_WARN_OBJC_IMPLICIT_RETAIN_SELF = YES;
				CLANG_WARN_OBJC_LITERAL_CONVERSION = YES;
				CLANG_WARN_OBJC_ROOT_CLASS = YES_ERROR;
				CLANG_WARN_QUOTED_INCLUDE_IN_FRAMEWORK_HEADER = YES;
				CLANG_WARN_RANGE_LOOP_ANALYSIS = YES;
				CLANG_WARN_STRICT_PROTOTYPES = YES;
				CLANG_WARN_SUSPICIOUS_MOVE = YES;
				CLANG_WARN_UNGUARDED_AVAILABILITY = YES_AGGRESSIVE;
				CLANG_WARN_UNREACHABLE_CODE = YES;
				CLANG_WARN__DUPLICATE_METHOD_MATCH = YES;
				COPY_PHASE_STRIP = NO;
				DEBUG_INFORMATION_FORMAT = "dwarf-with-dsym";
				ENABLE_NS_ASSERTIONS = NO;
				ENABLE_STRICT_OBJC_MSGSEND = YES;
				GCC_C_LANGUAGE_STANDARD = gnu11;
				GCC_NO_COMMON_BLOCKS = YES;
				GCC_WARN_64_TO_32_BIT_CONVERSION = YES;
				GCC_WARN_ABOUT_RETURN_TYPE = YES_ERROR;
				GCC_WARN_UNDECLARED_SELECTOR = YES;
				GCC_WARN_UNINITIALIZED_AUTOS = YES_AGGRESSIVE;
				GCC_WARN_UNUSED_FUNCTION = YES;
				GCC_WARN_UNUSED_VARIABLE = YES;
				IPHONEOS_DEPLOYMENT_TARGET = 14.2;
				MTL_ENABLE_DEBUG_INFO = NO;
				MTL_FAST_MATH = YES;
				SDKROOT = iphoneos;
				SWIFT_COMPILATION_MODE = wholemodule;
				SWIFT_OPTIMIZATION_LEVEL = "-O";
				VALIDATE_PRODUCT = YES;
			};
			name = Release;
		};
		ECE875F3267F6EF4000CEA5E /* Debug */ = {
			isa = XCBuildConfiguration;
			buildSettings = {
				ASSETCATALOG_COMPILER_APPICON_NAME = AppIcon;
				ASSETCATALOG_COMPILER_GLOBAL_ACCENT_COLOR_NAME = AccentColor;
				CODE_SIGN_ENTITLEMENTS = SwiftUI_DubDubGrub/SwiftUI_DubDubGrub.entitlements;
				CODE_SIGN_STYLE = Automatic;
				DEVELOPMENT_ASSET_PATHS = "\"SwiftUI_DubDubGrub/Preview Content\"";
				DEVELOPMENT_TEAM = 7QAYF98LA4;
				ENABLE_PREVIEWS = YES;
				INFOPLIST_FILE = SwiftUI_DubDubGrub/Info.plist;
				IPHONEOS_DEPLOYMENT_TARGET = 14.0;
				LD_RUNPATH_SEARCH_PATHS = (
					"$(inherited)",
					"@executable_path/Frameworks",
				);
				PRODUCT_BUNDLE_IDENTIFIER = "aglegaspi.SwiftUI-DubDubGrub";
				PRODUCT_NAME = "$(TARGET_NAME)";
				SWIFT_VERSION = 5.0;
				TARGETED_DEVICE_FAMILY = "1,2";
			};
			name = Debug;
		};
		ECE875F4267F6EF4000CEA5E /* Release */ = {
			isa = XCBuildConfiguration;
			buildSettings = {
				ASSETCATALOG_COMPILER_APPICON_NAME = AppIcon;
				ASSETCATALOG_COMPILER_GLOBAL_ACCENT_COLOR_NAME = AccentColor;
				CODE_SIGN_ENTITLEMENTS = SwiftUI_DubDubGrub/SwiftUI_DubDubGrub.entitlements;
				CODE_SIGN_STYLE = Automatic;
				DEVELOPMENT_ASSET_PATHS = "\"SwiftUI_DubDubGrub/Preview Content\"";
				DEVELOPMENT_TEAM = 7QAYF98LA4;
				ENABLE_PREVIEWS = YES;
				INFOPLIST_FILE = SwiftUI_DubDubGrub/Info.plist;
				IPHONEOS_DEPLOYMENT_TARGET = 14.0;
				LD_RUNPATH_SEARCH_PATHS = (
					"$(inherited)",
					"@executable_path/Frameworks",
				);
				PRODUCT_BUNDLE_IDENTIFIER = "aglegaspi.SwiftUI-DubDubGrub";
				PRODUCT_NAME = "$(TARGET_NAME)";
				SWIFT_VERSION = 5.0;
				TARGETED_DEVICE_FAMILY = "1,2";
			};
			name = Release;
		};
/* End XCBuildConfiguration section */

/* Begin XCConfigurationList section */
		ECE875DE267F6EF1000CEA5E /* Build configuration list for PBXProject "SwiftUI_DubDubGrub" */ = {
			isa = XCConfigurationList;
			buildConfigurations = (
				ECE875F0267F6EF4000CEA5E /* Debug */,
				ECE875F1267F6EF4000CEA5E /* Release */,
			);
			defaultConfigurationIsVisible = 0;
			defaultConfigurationName = Release;
		};
		ECE875F2267F6EF4000CEA5E /* Build configuration list for PBXNativeTarget "SwiftUI_DubDubGrub" */ = {
			isa = XCConfigurationList;
			buildConfigurations = (
				ECE875F3267F6EF4000CEA5E /* Debug */,
				ECE875F4267F6EF4000CEA5E /* Release */,
			);
			defaultConfigurationIsVisible = 0;
			defaultConfigurationName = Release;
		};
/* End XCConfigurationList section */
	};
	rootObject = ECE875DB267F6EF1000CEA5E /* Project object */;
}
