// !$*UTF8*$!
{
	archiveVersion = 1;
	classes = {
	};
	objectVersion = 50;
	objects = {

/* Begin PBXBuildFile section */
		EC028AC0269E4CA600C33CCD /* AlertItem.swift in Sources */ = {isa = PBXBuildFile; fileRef = EC028ABF269E4CA600C33CCD /* AlertItem.swift */; };
		EC0A7D142684A9C200553858 /* CloudKit.framework in Frameworks */ = {isa = PBXBuildFile; fileRef = EC0A7D132684A9C200553858 /* CloudKit.framework */; };
		EC0A7D162684AD4B00553858 /* Color+Ext.swift in Sources */ = {isa = PBXBuildFile; fileRef = EC0A7D152684AD4B00553858 /* Color+Ext.swift */; };
		EC0A7D192684ADEF00553858 /* AppTabView.swift in Sources */ = {isa = PBXBuildFile; fileRef = EC0A7D182684ADEF00553858 /* AppTabView.swift */; };
		EC0A7D1C2684AE2A00553858 /* LocationMapView.swift in Sources */ = {isa = PBXBuildFile; fileRef = EC0A7D1B2684AE2A00553858 /* LocationMapView.swift */; };
		EC0A7D1F2684AE4900553858 /* LocationListView.swift in Sources */ = {isa = PBXBuildFile; fileRef = EC0A7D1E2684AE4900553858 /* LocationListView.swift */; };
		EC0A7D222684AE5C00553858 /* ProfileView.swift in Sources */ = {isa = PBXBuildFile; fileRef = EC0A7D212684AE5C00553858 /* ProfileView.swift */; };
		EC40FE7326FA27540056209F /* PhotoPicker.swift in Sources */ = {isa = PBXBuildFile; fileRef = EC40FE7226FA27540056209F /* PhotoPicker.swift */; };
		EC5585DA26E7D6F400951D70 /* OnboardView.swift in Sources */ = {isa = PBXBuildFile; fileRef = EC5585D926E7D6F400951D70 /* OnboardView.swift */; };
		EC5585DC26E7D76A00951D70 /* LogoView.swift in Sources */ = {isa = PBXBuildFile; fileRef = EC5585DB26E7D76A00951D70 /* LogoView.swift */; };
		EC56884F26AF013200501476 /* LocationMapViewModel.swift in Sources */ = {isa = PBXBuildFile; fileRef = EC56884E26AF013200501476 /* LocationMapViewModel.swift */; };
		EC584D4426EDCA0000878757 /* XDismissButton.swift in Sources */ = {isa = PBXBuildFile; fileRef = EC584D4326EDCA0000878757 /* XDismissButton.swift */; };
		EC872B642697AAA200B876DD /* DDGLocation.swift in Sources */ = {isa = PBXBuildFile; fileRef = EC872B632697AAA200B876DD /* DDGLocation.swift */; };
		EC872B662697B1D500B876DD /* DDGProfile.swift in Sources */ = {isa = PBXBuildFile; fileRef = EC872B652697B1D500B876DD /* DDGProfile.swift */; };
		EC872B682697B41000B876DD /* MockData.swift in Sources */ = {isa = PBXBuildFile; fileRef = EC872B672697B41000B876DD /* MockData.swift */; };
		EC8E6A07268BD91000492B3D /* LocationDetailView.swift in Sources */ = {isa = PBXBuildFile; fileRef = EC8E6A06268BD91000492B3D /* LocationDetailView.swift */; };
		ECB07E4226FD0915002DA5AF /* UIImage+Ext.swift in Sources */ = {isa = PBXBuildFile; fileRef = ECB07E4126FD0915002DA5AF /* UIImage+Ext.swift */; };
		ECC0126E26E0FA7E00B3E1E0 /* CKAsset+Ext.swift in Sources */ = {isa = PBXBuildFile; fileRef = ECC0126D26E0FA7E00B3E1E0 /* CKAsset+Ext.swift */; };
		ECCE7CE0269476B60088E52D /* LocationCell.swift in Sources */ = {isa = PBXBuildFile; fileRef = ECCE7CDF269476B60088E52D /* LocationCell.swift */; };
		ECCE7CE2269477240088E52D /* AvatarView.swift in Sources */ = {isa = PBXBuildFile; fileRef = ECCE7CE1269477240088E52D /* AvatarView.swift */; };
		ECCE7CE426947B930088E52D /* CustomModifiers.swift in Sources */ = {isa = PBXBuildFile; fileRef = ECCE7CE326947B930088E52D /* CustomModifiers.swift */; };
		ECCE7CE626947BE20088E52D /* View+Ext.swift in Sources */ = {isa = PBXBuildFile; fileRef = ECCE7CE526947BE20088E52D /* View+Ext.swift */; };
		ECCE7CE826947CC90088E52D /* DDGButton.swift in Sources */ = {isa = PBXBuildFile; fileRef = ECCE7CE726947CC90088E52D /* DDGButton.swift */; };
		ECE3B6D0269C830C00A601A9 /* CloudKitManager.swift in Sources */ = {isa = PBXBuildFile; fileRef = ECE3B6CF269C830C00A601A9 /* CloudKitManager.swift */; };
		ECE3B6D2269C842900A601A9 /* Constants.swift in Sources */ = {isa = PBXBuildFile; fileRef = ECE3B6D1269C842900A601A9 /* Constants.swift */; };
		ECE8753A26DFE442006ECB70 /* LocationManager.swift in Sources */ = {isa = PBXBuildFile; fileRef = ECE8753926DFE442006ECB70 /* LocationManager.swift */; };
		ECE875E7267F6EF1000CEA5E /* SwiftUI_DubDubGrubApp.swift in Sources */ = {isa = PBXBuildFile; fileRef = ECE875E6267F6EF1000CEA5E /* SwiftUI_DubDubGrubApp.swift */; };
		ECE875EB267F6EF4000CEA5E /* Assets.xcassets in Resources */ = {isa = PBXBuildFile; fileRef = ECE875EA267F6EF4000CEA5E /* Assets.xcassets */; };
		ECE875EE267F6EF4000CEA5E /* Preview Assets.xcassets in Resources */ = {isa = PBXBuildFile; fileRef = ECE875ED267F6EF4000CEA5E /* Preview Assets.xcassets */; };
		ECF8C6C6270136DE00962517 /* CKRecord+Ext.swift in Sources */ = {isa = PBXBuildFile; fileRef = ECF8C6C5270136DE00962517 /* CKRecord+Ext.swift */; };
/* End PBXBuildFile section */

/* Begin PBXFileReference section */
		EC028ABF269E4CA600C33CCD /* AlertItem.swift */ = {isa = PBXFileReference; lastKnownFileType = sourcecode.swift; path = AlertItem.swift; sourceTree = "<group>"; };
		EC0A7D112684A9B900553858 /* SwiftUI_DubDubGrub.entitlements */ = {isa = PBXFileReference; lastKnownFileType = text.plist.entitlements; path = SwiftUI_DubDubGrub.entitlements; sourceTree = "<group>"; };
		EC0A7D132684A9C200553858 /* CloudKit.framework */ = {isa = PBXFileReference; lastKnownFileType = wrapper.framework; name = CloudKit.framework; path = System/Library/Frameworks/CloudKit.framework; sourceTree = SDKROOT; };
		EC0A7D152684AD4B00553858 /* Color+Ext.swift */ = {isa = PBXFileReference; lastKnownFileType = sourcecode.swift; path = "Color+Ext.swift"; sourceTree = "<group>"; };
		EC0A7D182684ADEF00553858 /* AppTabView.swift */ = {isa = PBXFileReference; lastKnownFileType = sourcecode.swift; path = AppTabView.swift; sourceTree = "<group>"; };
		EC0A7D1B2684AE2A00553858 /* LocationMapView.swift */ = {isa = PBXFileReference; lastKnownFileType = sourcecode.swift; path = LocationMapView.swift; sourceTree = "<group>"; };
		EC0A7D1E2684AE4900553858 /* LocationListView.swift */ = {isa = PBXFileReference; lastKnownFileType = sourcecode.swift; path = LocationListView.swift; sourceTree = "<group>"; };
		EC0A7D212684AE5C00553858 /* ProfileView.swift */ = {isa = PBXFileReference; lastKnownFileType = sourcecode.swift; path = ProfileView.swift; sourceTree = "<group>"; };
		EC40FE7226FA27540056209F /* PhotoPicker.swift */ = {isa = PBXFileReference; lastKnownFileType = sourcecode.swift; path = PhotoPicker.swift; sourceTree = "<group>"; };
		EC5585D926E7D6F400951D70 /* OnboardView.swift */ = {isa = PBXFileReference; lastKnownFileType = sourcecode.swift; path = OnboardView.swift; sourceTree = "<group>"; };
		EC5585DB26E7D76A00951D70 /* LogoView.swift */ = {isa = PBXFileReference; lastKnownFileType = sourcecode.swift; path = LogoView.swift; sourceTree = "<group>"; };
		EC56884E26AF013200501476 /* LocationMapViewModel.swift */ = {isa = PBXFileReference; lastKnownFileType = sourcecode.swift; path = LocationMapViewModel.swift; sourceTree = "<group>"; };
		EC584D4326EDCA0000878757 /* XDismissButton.swift */ = {isa = PBXFileReference; lastKnownFileType = sourcecode.swift; path = XDismissButton.swift; sourceTree = "<group>"; };
		EC872B632697AAA200B876DD /* DDGLocation.swift */ = {isa = PBXFileReference; lastKnownFileType = sourcecode.swift; path = DDGLocation.swift; sourceTree = "<group>"; };
		EC872B652697B1D500B876DD /* DDGProfile.swift */ = {isa = PBXFileReference; lastKnownFileType = sourcecode.swift; path = DDGProfile.swift; sourceTree = "<group>"; };
		EC872B672697B41000B876DD /* MockData.swift */ = {isa = PBXFileReference; lastKnownFileType = sourcecode.swift; path = MockData.swift; sourceTree = "<group>"; };
		EC8E6A06268BD91000492B3D /* LocationDetailView.swift */ = {isa = PBXFileReference; lastKnownFileType = sourcecode.swift; path = LocationDetailView.swift; sourceTree = "<group>"; };
		ECB07E4126FD0915002DA5AF /* UIImage+Ext.swift */ = {isa = PBXFileReference; lastKnownFileType = sourcecode.swift; path = "UIImage+Ext.swift"; sourceTree = "<group>"; };
		ECC0126D26E0FA7E00B3E1E0 /* CKAsset+Ext.swift */ = {isa = PBXFileReference; lastKnownFileType = sourcecode.swift; path = "CKAsset+Ext.swift"; sourceTree = "<group>"; };
		ECCE7CDF269476B60088E52D /* LocationCell.swift */ = {isa = PBXFileReference; lastKnownFileType = sourcecode.swift; path = LocationCell.swift; sourceTree = "<group>"; };
		ECCE7CE1269477240088E52D /* AvatarView.swift */ = {isa = PBXFileReference; lastKnownFileType = sourcecode.swift; path = AvatarView.swift; sourceTree = "<group>"; };
		ECCE7CE326947B930088E52D /* CustomModifiers.swift */ = {isa = PBXFileReference; lastKnownFileType = sourcecode.swift; path = CustomModifiers.swift; sourceTree = "<group>"; };
		ECCE7CE526947BE20088E52D /* View+Ext.swift */ = {isa = PBXFileReference; lastKnownFileType = sourcecode.swift; path = "View+Ext.swift"; sourceTree = "<group>"; };
		ECCE7CE726947CC90088E52D /* DDGButton.swift */ = {isa = PBXFileReference; lastKnownFileType = sourcecode.swift; path = DDGButton.swift; sourceTree = "<group>"; };
		ECE3B6CF269C830C00A601A9 /* CloudKitManager.swift */ = {isa = PBXFileReference; lastKnownFileType = sourcecode.swift; path = CloudKitManager.swift; sourceTree = "<group>"; };
		ECE3B6D1269C842900A601A9 /* Constants.swift */ = {isa = PBXFileReference; lastKnownFileType = sourcecode.swift; path = Constants.swift; sourceTree = "<group>"; };
		ECE8753926DFE442006ECB70 /* LocationManager.swift */ = {isa = PBXFileReference; lastKnownFileType = sourcecode.swift; path = LocationManager.swift; sourceTree = "<group>"; };
		ECE875E3267F6EF1000CEA5E /* SwiftUI_DubDubGrub.app */ = {isa = PBXFileReference; explicitFileType = wrapper.application; includeInIndex = 0; path = SwiftUI_DubDubGrub.app; sourceTree = BUILT_PRODUCTS_DIR; };
		ECE875E6267F6EF1000CEA5E /* SwiftUI_DubDubGrubApp.swift */ = {isa = PBXFileReference; lastKnownFileType = sourcecode.swift; path = SwiftUI_DubDubGrubApp.swift; sourceTree = "<group>"; };
		ECE875EA267F6EF4000CEA5E /* Assets.xcassets */ = {isa = PBXFileReference; lastKnownFileType = folder.assetcatalog; path = Assets.xcassets; sourceTree = "<group>"; };
		ECE875ED267F6EF4000CEA5E /* Preview Assets.xcassets */ = {isa = PBXFileReference; lastKnownFileType = folder.assetcatalog; path = "Preview Assets.xcassets"; sourceTree = "<group>"; };
		ECE875EF267F6EF4000CEA5E /* Info.plist */ = {isa = PBXFileReference; lastKnownFileType = text.plist.xml; path = Info.plist; sourceTree = "<group>"; };
		ECF8C6C5270136DE00962517 /* CKRecord+Ext.swift */ = {isa = PBXFileReference; lastKnownFileType = sourcecode.swift; path = "CKRecord+Ext.swift"; sourceTree = "<group>"; };
/* End PBXFileReference section */

/* Begin PBXFrameworksBuildPhase section */
		ECE875E0267F6EF1000CEA5E /* Frameworks */ = {
			isa = PBXFrameworksBuildPhase;
			buildActionMask = 2147483647;
			files = (
				EC0A7D142684A9C200553858 /* CloudKit.framework in Frameworks */,
			);
			runOnlyForDeploymentPostprocessing = 0;
		};
/* End PBXFrameworksBuildPhase section */

/* Begin PBXGroup section */
		EC0A7D122684A9C200553858 /* Frameworks */ = {
			isa = PBXGroup;
			children = (
				EC0A7D132684A9C200553858 /* CloudKit.framework */,
			);
			name = Frameworks;
			sourceTree = "<group>";
		};
		EC40FE7126FA26CC0056209F /* UIKit Components */ = {
			isa = PBXGroup;
			children = (
				EC40FE7226FA27540056209F /* PhotoPicker.swift */,
			);
			path = "UIKit Components";
			sourceTree = "<group>";
		};
		EC4F8FDB27025AE300A5FF09 /* ProfileView */ = {
			isa = PBXGroup;
			children = (
				EC0A7D212684AE5C00553858 /* ProfileView.swift */,
			);
			path = ProfileView;
			sourceTree = "<group>";
		};
		EC56884D26AF010E00501476 /* LocationMapView */ = {
			isa = PBXGroup;
			children = (
				EC0A7D1B2684AE2A00553858 /* LocationMapView.swift */,
				EC56884E26AF013200501476 /* LocationMapViewModel.swift */,
			);
			path = LocationMapView;
			sourceTree = "<group>";
		};
		EC584D4226EDC9E200878757 /* Buttons */ = {
			isa = PBXGroup;
			children = (
				EC584D4326EDCA0000878757 /* XDismissButton.swift */,
				ECCE7CE726947CC90088E52D /* DDGButton.swift */,
			);
			path = Buttons;
			sourceTree = "<group>";
		};
		EC872B622697AA8B00B876DD /* Model */ = {
			isa = PBXGroup;
			children = (
				EC872B632697AAA200B876DD /* DDGLocation.swift */,
				EC872B652697B1D500B876DD /* DDGProfile.swift */,
				EC872B672697B41000B876DD /* MockData.swift */,
			);
			path = Model;
			sourceTree = "<group>";
		};
		ECCE7CE926947EE10088E52D /* Extensions */ = {
			isa = PBXGroup;
			children = (
				EC0A7D152684AD4B00553858 /* Color+Ext.swift */,
				ECCE7CE526947BE20088E52D /* View+Ext.swift */,
				ECC0126D26E0FA7E00B3E1E0 /* CKAsset+Ext.swift */,
				ECF8C6C5270136DE00962517 /* CKRecord+Ext.swift */,
				ECB07E4126FD0915002DA5AF /* UIImage+Ext.swift */,
			);
			path = Extensions;
			sourceTree = "<group>";
		};
		ECCE7CEA26947EF40088E52D /* Views */ = {
			isa = PBXGroup;
			children = (
				ECCE7CE326947B930088E52D /* CustomModifiers.swift */,
				ECCE7CED26947F3D0088E52D /* CustomViews */,
				ECCE7CEC26947F330088E52D /* Cells */,
				ECCE7CEB26947EFC0088E52D /* Screens */,
			);
			path = Views;
			sourceTree = "<group>";
		};
		ECCE7CEB26947EFC0088E52D /* Screens */ = {
			isa = PBXGroup;
			children = (
				EC4F8FDB27025AE300A5FF09 /* ProfileView */,
				EC0A7D182684ADEF00553858 /* AppTabView.swift */,
				EC8E6A06268BD91000492B3D /* LocationDetailView.swift */,
				EC0A7D1E2684AE4900553858 /* LocationListView.swift */,
				EC56884D26AF010E00501476 /* LocationMapView */,
				EC5585D926E7D6F400951D70 /* OnboardView.swift */,
			);
			path = Screens;
			sourceTree = "<group>";
		};
		ECCE7CEC26947F330088E52D /* Cells */ = {
			isa = PBXGroup;
			children = (
				ECCE7CDF269476B60088E52D /* LocationCell.swift */,
			);
			path = Cells;
			sourceTree = "<group>";
		};
		ECCE7CED26947F3D0088E52D /* CustomViews */ = {
			isa = PBXGroup;
			children = (
				EC40FE7126FA26CC0056209F /* UIKit Components */,
				EC584D4226EDC9E200878757 /* Buttons */,
				ECCE7CE1269477240088E52D /* AvatarView.swift */,
				EC5585DB26E7D76A00951D70 /* LogoView.swift */,
			);
			path = CustomViews;
			sourceTree = "<group>";
		};
		ECE3B6CE269C82E700A601A9 /* Utilities */ = {
			isa = PBXGroup;
			children = (
				ECCE7CE926947EE10088E52D /* Extensions */,
				ECE3B6D1269C842900A601A9 /* Constants.swift */,
				EC028ABF269E4CA600C33CCD /* AlertItem.swift */,
			);
			path = Utilities;
			sourceTree = "<group>";
		};
		ECE8753826DFE3F8006ECB70 /* Managers */ = {
			isa = PBXGroup;
			children = (
				ECE3B6CF269C830C00A601A9 /* CloudKitManager.swift */,
				ECE8753926DFE442006ECB70 /* LocationManager.swift */,
			);
			path = Managers;
			sourceTree = "<group>";
		};
		ECE875DA267F6EF1000CEA5E = {
			isa = PBXGroup;
			children = (
				ECE875E5267F6EF1000CEA5E /* SwiftUI_DubDubGrub */,
				ECE875E4267F6EF1000CEA5E /* Products */,
				EC0A7D122684A9C200553858 /* Frameworks */,
			);
			sourceTree = "<group>";
		};
		ECE875E4267F6EF1000CEA5E /* Products */ = {
			isa = PBXGroup;
			children = (
				ECE875E3267F6EF1000CEA5E /* SwiftUI_DubDubGrub.app */,
			);
			name = Products;
			sourceTree = "<group>";
		};
		ECE875E5267F6EF1000CEA5E /* SwiftUI_DubDubGrub */ = {
			isa = PBXGroup;
			children = (
				ECE8753826DFE3F8006ECB70 /* Managers */,
				ECE3B6CE269C82E700A601A9 /* Utilities */,
				EC872B622697AA8B00B876DD /* Model */,
				ECCE7CEA26947EF40088E52D /* Views */,
				EC0A7D112684A9B900553858 /* SwiftUI_DubDubGrub.entitlements */,
				ECE875E6267F6EF1000CEA5E /* SwiftUI_DubDubGrubApp.swift */,
				ECE875EA267F6EF4000CEA5E /* Assets.xcassets */,
				ECE875EF267F6EF4000CEA5E /* Info.plist */,
				ECE875EC267F6EF4000CEA5E /* Preview Content */,
			);
			path = SwiftUI_DubDubGrub;
			sourceTree = "<group>";
		};
		ECE875EC267F6EF4000CEA5E /* Preview Content */ = {
			isa = PBXGroup;
			children = (
				ECE875ED267F6EF4000CEA5E /* Preview Assets.xcassets */,
			);
			path = "Preview Content";
			sourceTree = "<group>";
		};
/* End PBXGroup section */

/* Begin PBXNativeTarget section */
		ECE875E2267F6EF1000CEA5E /* SwiftUI_DubDubGrub */ = {
			isa = PBXNativeTarget;
			buildConfigurationList = ECE875F2267F6EF4000CEA5E /* Build configuration list for PBXNativeTarget "SwiftUI_DubDubGrub" */;
			buildPhases = (
				ECE875DF267F6EF1000CEA5E /* Sources */,
				ECE875E0267F6EF1000CEA5E /* Frameworks */,
				ECE875E1267F6EF1000CEA5E /* Resources */,
			);
			buildRules = (
			);
			dependencies = (
			);
			name = SwiftUI_DubDubGrub;
			productName = SwiftUI_DubDubGrub;
			productReference = ECE875E3267F6EF1000CEA5E /* SwiftUI_DubDubGrub.app */;
			productType = "com.apple.product-type.application";
		};
/* End PBXNativeTarget section */

/* Begin PBXProject section */
		ECE875DB267F6EF1000CEA5E /* Project object */ = {
			isa = PBXProject;
			attributes = {
				LastSwiftUpdateCheck = 1220;
				LastUpgradeCheck = 1220;
				TargetAttributes = {
					ECE875E2267F6EF1000CEA5E = {
						CreatedOnToolsVersion = 12.2;
					};
				};
			};
			buildConfigurationList = ECE875DE267F6EF1000CEA5E /* Build configuration list for PBXProject "SwiftUI_DubDubGrub" */;
			compatibilityVersion = "Xcode 9.3";
			developmentRegion = en;
			hasScannedForEncodings = 0;
			knownRegions = (
				en,
				Base,
			);
			mainGroup = ECE875DA267F6EF1000CEA5E;
			productRefGroup = ECE875E4267F6EF1000CEA5E /* Products */;
			projectDirPath = "";
			projectRoot = "";
			targets = (
				ECE875E2267F6EF1000CEA5E /* SwiftUI_DubDubGrub */,
			);
		};
/* End PBXProject section */

/* Begin PBXResourcesBuildPhase section */
		ECE875E1267F6EF1000CEA5E /* Resources */ = {
			isa = PBXResourcesBuildPhase;
			buildActionMask = 2147483647;
			files = (
				ECE875EE267F6EF4000CEA5E /* Preview Assets.xcassets in Resources */,
				ECE875EB267F6EF4000CEA5E /* Assets.xcassets in Resources */,
			);
			runOnlyForDeploymentPostprocessing = 0;
		};
/* End PBXResourcesBuildPhase section */

/* Begin PBXSourcesBuildPhase section */
		ECE875DF267F6EF1000CEA5E /* Sources */ = {
			isa = PBXSourcesBuildPhase;
			buildActionMask = 2147483647;
			files = (
				ECE875E7267F6EF1000CEA5E /* SwiftUI_DubDubGrubApp.swift in Sources */,
				ECE3B6D2269C842900A601A9 /* Constants.swift in Sources */,
				EC5585DA26E7D6F400951D70 /* OnboardView.swift in Sources */,
				ECC0126E26E0FA7E00B3E1E0 /* CKAsset+Ext.swift in Sources */,
				ECCE7CE426947B930088E52D /* CustomModifiers.swift in Sources */,
				EC0A7D1C2684AE2A00553858 /* LocationMapView.swift in Sources */,
				EC5585DC26E7D76A00951D70 /* LogoView.swift in Sources */,
				EC0A7D1F2684AE4900553858 /* LocationListView.swift in Sources */,
				EC872B682697B41000B876DD /* MockData.swift in Sources */,
				EC8E6A07268BD91000492B3D /* LocationDetailView.swift in Sources */,
				EC028AC0269E4CA600C33CCD /* AlertItem.swift in Sources */,
				EC872B662697B1D500B876DD /* DDGProfile.swift in Sources */,
				EC872B642697AAA200B876DD /* DDGLocation.swift in Sources */,
				EC0A7D192684ADEF00553858 /* AppTabView.swift in Sources */,
				ECF8C6C6270136DE00962517 /* CKRecord+Ext.swift in Sources */,
				EC0A7D222684AE5C00553858 /* ProfileView.swift in Sources */,
				ECE8753A26DFE442006ECB70 /* LocationManager.swift in Sources */,
				EC56884F26AF013200501476 /* LocationMapViewModel.swift in Sources */,
				ECE3B6D0269C830C00A601A9 /* CloudKitManager.swift in Sources */,
				ECCE7CE626947BE20088E52D /* View+Ext.swift in Sources */,
				ECB07E4226FD0915002DA5AF /* UIImage+Ext.swift in Sources */,
				ECCE7CE0269476B60088E52D /* LocationCell.swift in Sources */,
				ECCE7CE826947CC90088E52D /* DDGButton.swift in Sources */,
				ECCE7CE2269477240088E52D /* AvatarView.swift in Sources */,
				EC0A7D162684AD4B00553858 /* Color+Ext.swift in Sources */,
				EC40FE7326FA27540056209F /* PhotoPicker.swift in Sources */,
				EC584D4426EDCA0000878757 /* XDismissButton.swift in Sources */,
			);
			runOnlyForDeploymentPostprocessing = 0;
		};
/* End PBXSourcesBuildPhase section */

/* Begin XCBuildConfiguration section */
		ECE875F0267F6EF4000CEA5E /* Debug */ = {
			isa = XCBuildConfiguration;
			buildSettings = {
				ALWAYS_SEARCH_USER_PATHS = NO;
				CLANG_ANALYZER_NONNULL = YES;
				CLANG_ANALYZER_NUMBER_OBJECT_CONVERSION = YES_AGGRESSIVE;
				CLANG_CXX_LANGUAGE_STANDARD = "gnu++14";
				CLANG_CXX_LIBRARY = "libc++";
				CLANG_ENABLE_MODULES = YES;
				CLANG_ENABLE_OBJC_ARC = YES;
				CLANG_ENABLE_OBJC_WEAK = YES;
				CLANG_WARN_BLOCK_CAPTURE_AUTORELEASING = YES;
				CLANG_WARN_BOOL_CONVERSION = YES;
				CLANG_WARN_COMMA = YES;
				CLANG_WARN_CONSTANT_CONVERSION = YES;
				CLANG_WARN_DEPRECATED_OBJC_IMPLEMENTATIONS = YES;
				CLANG_WARN_DIRECT_OBJC_ISA_USAGE = YES_ERROR;
				CLANG_WARN_DOCUMENTATION_COMMENTS = YES;
				CLANG_WARN_EMPTY_BODY = YES;
				CLANG_WARN_ENUM_CONVERSION = YES;
				CLANG_WARN_INFINITE_RECURSION = YES;
				CLANG_WARN_INT_CONVERSION = YES;
				CLANG_WARN_NON_LITERAL_NULL_CONVERSION = YES;
				CLANG_WARN_OBJC_IMPLICIT_RETAIN_SELF = YES;
				CLANG_WARN_OBJC_LITERAL_CONVERSION = YES;
				CLANG_WARN_OBJC_ROOT_CLASS = YES_ERROR;
				CLANG_WARN_QUOTED_INCLUDE_IN_FRAMEWORK_HEADER = YES;
				CLANG_WARN_RANGE_LOOP_ANALYSIS = YES;
				CLANG_WARN_STRICT_PROTOTYPES = YES;
				CLANG_WARN_SUSPICIOUS_MOVE = YES;
				CLANG_WARN_UNGUARDED_AVAILABILITY = YES_AGGRESSIVE;
				CLANG_WARN_UNREACHABLE_CODE = YES;
				CLANG_WARN__DUPLICATE_METHOD_MATCH = YES;
				COPY_PHASE_STRIP = NO;
				DEBUG_INFORMATION_FORMAT = dwarf;
				ENABLE_STRICT_OBJC_MSGSEND = YES;
				ENABLE_TESTABILITY = YES;
				GCC_C_LANGUAGE_STANDARD = gnu11;
				GCC_DYNAMIC_NO_PIC = NO;
				GCC_NO_COMMON_BLOCKS = YES;
				GCC_OPTIMIZATION_LEVEL = 0;
				GCC_PREPROCESSOR_DEFINITIONS = (
					"DEBUG=1",
					"$(inherited)",
				);
				GCC_WARN_64_TO_32_BIT_CONVERSION = YES;
				GCC_WARN_ABOUT_RETURN_TYPE = YES_ERROR;
				GCC_WARN_UNDECLARED_SELECTOR = YES;
				GCC_WARN_UNINITIALIZED_AUTOS = YES_AGGRESSIVE;
				GCC_WARN_UNUSED_FUNCTION = YES;
				GCC_WARN_UNUSED_VARIABLE = YES;
				IPHONEOS_DEPLOYMENT_TARGET = 14.2;
				MTL_ENABLE_DEBUG_INFO = INCLUDE_SOURCE;
				MTL_FAST_MATH = YES;
				ONLY_ACTIVE_ARCH = YES;
				SDKROOT = iphoneos;
				SWIFT_ACTIVE_COMPILATION_CONDITIONS = DEBUG;
				SWIFT_OPTIMIZATION_LEVEL = "-Onone";
			};
			name = Debug;
		};
		ECE875F1267F6EF4000CEA5E /* Release */ = {
			isa = XCBuildConfiguration;
			buildSettings = {
				ALWAYS_SEARCH_USER_PATHS = NO;
				CLANG_ANALYZER_NONNULL = YES;
				CLANG_ANALYZER_NUMBER_OBJECT_CONVERSION = YES_AGGRESSIVE;
				CLANG_CXX_LANGUAGE_STANDARD = "gnu++14";
				CLANG_CXX_LIBRARY = "libc++";
				CLANG_ENABLE_MODULES = YES;
				CLANG_ENABLE_OBJC_ARC = YES;
				CLANG_ENABLE_OBJC_WEAK = YES;
				CLANG_WARN_BLOCK_CAPTURE_AUTORELEASING = YES;
				CLANG_WARN_BOOL_CONVERSION = YES;
				CLANG_WARN_COMMA = YES;
				CLANG_WARN_CONSTANT_CONVERSION = YES;
				CLANG_WARN_DEPRECATED_OBJC_IMPLEMENTATIONS = YES;
				CLANG_WARN_DIRECT_OBJC_ISA_USAGE = YES_ERROR;
				CLANG_WARN_DOCUMENTATION_COMMENTS = YES;
				CLANG_WARN_EMPTY_BODY = YES;
				CLANG_WARN_ENUM_CONVERSION = YES;
				CLANG_WARN_INFINITE_RECURSION = YES;
				CLANG_WARN_INT_CONVERSION = YES;
				CLANG_WARN_NON_LITERAL_NULL_CONVERSION = YES;
				CLANG_WARN_OBJC_IMPLICIT_RETAIN_SELF = YES;
				CLANG_WARN_OBJC_LITERAL_CONVERSION = YES;
				CLANG_WARN_OBJC_ROOT_CLASS = YES_ERROR;
				CLANG_WARN_QUOTED_INCLUDE_IN_FRAMEWORK_HEADER = YES;
				CLANG_WARN_RANGE_LOOP_ANALYSIS = YES;
				CLANG_WARN_STRICT_PROTOTYPES = YES;
				CLANG_WARN_SUSPICIOUS_MOVE = YES;
				CLANG_WARN_UNGUARDED_AVAILABILITY = YES_AGGRESSIVE;
				CLANG_WARN_UNREACHABLE_CODE = YES;
				CLANG_WARN__DUPLICATE_METHOD_MATCH = YES;
				COPY_PHASE_STRIP = NO;
				DEBUG_INFORMATION_FORMAT = "dwarf-with-dsym";
				ENABLE_NS_ASSERTIONS = NO;
				ENABLE_STRICT_OBJC_MSGSEND = YES;
				GCC_C_LANGUAGE_STANDARD = gnu11;
				GCC_NO_COMMON_BLOCKS = YES;
				GCC_WARN_64_TO_32_BIT_CONVERSION = YES;
				GCC_WARN_ABOUT_RETURN_TYPE = YES_ERROR;
				GCC_WARN_UNDECLARED_SELECTOR = YES;
				GCC_WARN_UNINITIALIZED_AUTOS = YES_AGGRESSIVE;
				GCC_WARN_UNUSED_FUNCTION = YES;
				GCC_WARN_UNUSED_VARIABLE = YES;
				IPHONEOS_DEPLOYMENT_TARGET = 14.2;
				MTL_ENABLE_DEBUG_INFO = NO;
				MTL_FAST_MATH = YES;
				SDKROOT = iphoneos;
				SWIFT_COMPILATION_MODE = wholemodule;
				SWIFT_OPTIMIZATION_LEVEL = "-O";
				VALIDATE_PRODUCT = YES;
			};
			name = Release;
		};
		ECE875F3267F6EF4000CEA5E /* Debug */ = {
			isa = XCBuildConfiguration;
			buildSettings = {
				ASSETCATALOG_COMPILER_APPICON_NAME = AppIcon;
				ASSETCATALOG_COMPILER_GLOBAL_ACCENT_COLOR_NAME = AccentColor;
				CODE_SIGN_ENTITLEMENTS = SwiftUI_DubDubGrub/SwiftUI_DubDubGrub.entitlements;
				CODE_SIGN_STYLE = Automatic;
				DEVELOPMENT_ASSET_PATHS = "\"SwiftUI_DubDubGrub/Preview Content\"";
				DEVELOPMENT_TEAM = 7QAYF98LA4;
				ENABLE_PREVIEWS = YES;
				INFOPLIST_FILE = SwiftUI_DubDubGrub/Info.plist;
				IPHONEOS_DEPLOYMENT_TARGET = 14.0;
				LD_RUNPATH_SEARCH_PATHS = (
					"$(inherited)",
					"@executable_path/Frameworks",
				);
				PRODUCT_BUNDLE_IDENTIFIER = "aglegaspi.SwiftUI-DubDubGrub";
				PRODUCT_NAME = "$(TARGET_NAME)";
				SWIFT_VERSION = 5.0;
				TARGETED_DEVICE_FAMILY = "1,2";
			};
			name = Debug;
		};
		ECE875F4267F6EF4000CEA5E /* Release */ = {
			isa = XCBuildConfiguration;
			buildSettings = {
				ASSETCATALOG_COMPILER_APPICON_NAME = AppIcon;
				ASSETCATALOG_COMPILER_GLOBAL_ACCENT_COLOR_NAME = AccentColor;
				CODE_SIGN_ENTITLEMENTS = SwiftUI_DubDubGrub/SwiftUI_DubDubGrub.entitlements;
				CODE_SIGN_STYLE = Automatic;
				DEVELOPMENT_ASSET_PATHS = "\"SwiftUI_DubDubGrub/Preview Content\"";
				DEVELOPMENT_TEAM = 7QAYF98LA4;
				ENABLE_PREVIEWS = YES;
				INFOPLIST_FILE = SwiftUI_DubDubGrub/Info.plist;
				IPHONEOS_DEPLOYMENT_TARGET = 14.0;
				LD_RUNPATH_SEARCH_PATHS = (
					"$(inherited)",
					"@executable_path/Frameworks",
				);
				PRODUCT_BUNDLE_IDENTIFIER = "aglegaspi.SwiftUI-DubDubGrub";
				PRODUCT_NAME = "$(TARGET_NAME)";
				SWIFT_VERSION = 5.0;
				TARGETED_DEVICE_FAMILY = "1,2";
			};
			name = Release;
		};
/* End XCBuildConfiguration section */

/* Begin XCConfigurationList section */
		ECE875DE267F6EF1000CEA5E /* Build configuration list for PBXProject "SwiftUI_DubDubGrub" */ = {
			isa = XCConfigurationList;
			buildConfigurations = (
				ECE875F0267F6EF4000CEA5E /* Debug */,
				ECE875F1267F6EF4000CEA5E /* Release */,
			);
			defaultConfigurationIsVisible = 0;
			defaultConfigurationName = Release;
		};
		ECE875F2267F6EF4000CEA5E /* Build configuration list for PBXNativeTarget "SwiftUI_DubDubGrub" */ = {
			isa = XCConfigurationList;
			buildConfigurations = (
				ECE875F3267F6EF4000CEA5E /* Debug */,
				ECE875F4267F6EF4000CEA5E /* Release */,
			);
			defaultConfigurationIsVisible = 0;
			defaultConfigurationName = Release;
		};
/* End XCConfigurationList section */
	};
	rootObject = ECE875DB267F6EF1000CEA5E /* Project object */;
}
